
Microsoft Visual Studio Solution File, Format Version 12.00
# Visual Studio 15
VisualStudioVersion = 15.0.28307.572
MinimumVisualStudioVersion = 10.0.40219.1
Project("{FAE04EC0-301F-11D3-BF4B-00C04F79EFBC}") = "labirynt.Android", "labirynt\labirynt.Android\labirynt.Android.csproj", "{50746559-74FD-4CD6-95E2-99E637311FAA}"
EndProject
Project("{FAE04EC0-301F-11D3-BF4B-00C04F79EFBC}") = "labirynt.iOS", "labirynt\labirynt.iOS\labirynt.iOS.csproj", "{2FE9AAA8-5862-4052-894F-7CC9BFD6914A}"
EndProject
Project("{FAE04EC0-301F-11D3-BF4B-00C04F79EFBC}") = "labirynt", "labirynt\labirynt\labirynt.csproj", "{49C82162-4DEC-45C4-900C-31FC8EB613C3}"
EndProject
Global
	GlobalSection(SolutionConfigurationPlatforms) = preSolution
		Ad-Hoc|Any CPU = Ad-Hoc|Any CPU
		Ad-Hoc|iPhone = Ad-Hoc|iPhone
		Ad-Hoc|iPhoneSimulator = Ad-Hoc|iPhoneSimulator
		AppStore|Any CPU = AppStore|Any CPU
		AppStore|iPhone = AppStore|iPhone
		AppStore|iPhoneSimulator = AppStore|iPhoneSimulator
		Debug|Any CPU = Debug|Any CPU
		Debug|iPhone = Debug|iPhone
		Debug|iPhoneSimulator = Debug|iPhoneSimulator
		Release|Any CPU = Release|Any CPU
		Release|iPhone = Release|iPhone
		Release|iPhoneSimulator = Release|iPhoneSimulator
	EndGlobalSection
	GlobalSection(ProjectConfigurationPlatforms) = postSolution
		{50746559-74FD-4CD6-95E2-99E637311FAA}.Ad-Hoc|Any CPU.ActiveCfg = Release|Any CPU
		{50746559-74FD-4CD6-95E2-99E637311FAA}.Ad-Hoc|Any CPU.Build.0 = Release|Any CPU
		{50746559-74FD-4CD6-95E2-99E637311FAA}.Ad-Hoc|Any CPU.Deploy.0 = Release|Any CPU
		{50746559-74FD-4CD6-95E2-99E637311FAA}.Ad-Hoc|iPhone.ActiveCfg = Release|Any CPU
		{50746559-74FD-4CD6-95E2-99E637311FAA}.Ad-Hoc|iPhone.Build.0 = Release|Any CPU
		{50746559-74FD-4CD6-95E2-99E637311FAA}.Ad-Hoc|iPhone.Deploy.0 = Release|Any CPU
		{50746559-74FD-4CD6-95E2-99E637311FAA}.Ad-Hoc|iPhoneSimulator.ActiveCfg = Release|Any CPU
		{50746559-74FD-4CD6-95E2-99E637311FAA}.Ad-Hoc|iPhoneSimulator.Build.0 = Release|Any CPU
		{50746559-74FD-4CD6-95E2-99E637311FAA}.Ad-Hoc|iPhoneSimulator.Deploy.0 = Release|Any CPU
		{50746559-74FD-4CD6-95E2-99E637311FAA}.AppStore|Any CPU.ActiveCfg = Release|Any CPU
		{50746559-74FD-4CD6-95E2-99E637311FAA}.AppStore|Any CPU.Build.0 = Release|Any CPU
		{50746559-74FD-4CD6-95E2-99E637311FAA}.AppStore|Any CPU.Deploy.0 = Release|Any CPU
		{50746559-74FD-4CD6-95E2-99E637311FAA}.AppStore|iPhone.ActiveCfg = Release|Any CPU
		{50746559-74FD-4CD6-95E2-99E637311FAA}.AppStore|iPhone.Build.0 = Release|Any CPU
		{50746559-74FD-4CD6-95E2-99E637311FAA}.AppStore|iPhone.Deploy.0 = Release|Any CPU
		{50746559-74FD-4CD6-95E2-99E637311FAA}.AppStore|iPhoneSimulator.ActiveCfg = Release|Any CPU
		{50746559-74FD-4CD6-95E2-99E637311FAA}.AppStore|iPhoneSimulator.Build.0 = Release|Any CPU
		{50746559-74FD-4CD6-95E2-99E637311FAA}.AppStore|iPhoneSimulator.Deploy.0 = Release|Any CPU
		{50746559-74FD-4CD6-95E2-99E637311FAA}.Debug|Any CPU.ActiveCfg = Debug|Any CPU
		{50746559-74FD-4CD6-95E2-99E637311FAA}.Debug|Any CPU.Build.0 = Debug|Any CPU
		{50746559-74FD-4CD6-95E2-99E637311FAA}.Debug|Any CPU.Deploy.0 = Debug|Any CPU
		{50746559-74FD-4CD6-95E2-99E637311FAA}.Debug|iPhone.ActiveCfg = Debug|Any CPU
		{50746559-74FD-4CD6-95E2-99E637311FAA}.Debug|iPhone.Build.0 = Debug|Any CPU
		{50746559-74FD-4CD6-95E2-99E637311FAA}.Debug|iPhone.Deploy.0 = Debug|Any CPU
		{50746559-74FD-4CD6-95E2-99E637311FAA}.Debug|iPhoneSimulator.ActiveCfg = Debug|Any CPU
		{50746559-74FD-4CD6-95E2-99E637311FAA}.Debug|iPhoneSimulator.Build.0 = Debug|Any CPU
		{50746559-74FD-4CD6-95E2-99E637311FAA}.Debug|iPhoneSimulator.Deploy.0 = Debug|Any CPU
		{50746559-74FD-4CD6-95E2-99E637311FAA}.Release|Any CPU.ActiveCfg = Release|Any CPU
		{50746559-74FD-4CD6-95E2-99E637311FAA}.Release|Any CPU.Build.0 = Release|Any CPU
		{50746559-74FD-4CD6-95E2-99E637311FAA}.Release|Any CPU.Deploy.0 = Release|Any CPU
		{50746559-74FD-4CD6-95E2-99E637311FAA}.Release|iPhone.ActiveCfg = Release|Any CPU
		{50746559-74FD-4CD6-95E2-99E637311FAA}.Release|iPhone.Build.0 = Release|Any CPU
		{50746559-74FD-4CD6-95E2-99E637311FAA}.Release|iPhone.Deploy.0 = Release|Any CPU
		{50746559-74FD-4CD6-95E2-99E637311FAA}.Release|iPhoneSimulator.ActiveCfg = Release|Any CPU
		{50746559-74FD-4CD6-95E2-99E637311FAA}.Release|iPhoneSimulator.Build.0 = Release|Any CPU
		{50746559-74FD-4CD6-95E2-99E637311FAA}.Release|iPhoneSimulator.Deploy.0 = Release|Any CPU
		{2FE9AAA8-5862-4052-894F-7CC9BFD6914A}.Ad-Hoc|Any CPU.ActiveCfg = Ad-Hoc|iPhone
		{2FE9AAA8-5862-4052-894F-7CC9BFD6914A}.Ad-Hoc|Any CPU.Build.0 = Ad-Hoc|iPhone
		{2FE9AAA8-5862-4052-894F-7CC9BFD6914A}.Ad-Hoc|Any CPU.Deploy.0 = Ad-Hoc|iPhone
		{2FE9AAA8-5862-4052-894F-7CC9BFD6914A}.Ad-Hoc|iPhone.ActiveCfg = Ad-Hoc|iPhone
		{2FE9AAA8-5862-4052-894F-7CC9BFD6914A}.Ad-Hoc|iPhone.Build.0 = Ad-Hoc|iPhone
		{2FE9AAA8-5862-4052-894F-7CC9BFD6914A}.Ad-Hoc|iPhone.Deploy.0 = Ad-Hoc|iPhone
		{2FE9AAA8-5862-4052-894F-7CC9BFD6914A}.Ad-Hoc|iPhoneSimulator.ActiveCfg = Ad-Hoc|iPhoneSimulator
		{2FE9AAA8-5862-4052-894F-7CC9BFD6914A}.Ad-Hoc|iPhoneSimulator.Build.0 = Ad-Hoc|iPhoneSimulator
		{2FE9AAA8-5862-4052-894F-7CC9BFD6914A}.Ad-Hoc|iPhoneSimulator.Deploy.0 = Ad-Hoc|iPhoneSimulator
		{2FE9AAA8-5862-4052-894F-7CC9BFD6914A}.AppStore|Any CPU.ActiveCfg = AppStore|iPhone
		{2FE9AAA8-5862-4052-894F-7CC9BFD6914A}.AppStore|Any CPU.Build.0 = AppStore|iPhone
		{2FE9AAA8-5862-4052-894F-7CC9BFD6914A}.AppStore|Any CPU.Deploy.0 = AppStore|iPhone
		{2FE9AAA8-5862-4052-894F-7CC9BFD6914A}.AppStore|iPhone.ActiveCfg = AppStore|iPhone
		{2FE9AAA8-5862-4052-894F-7CC9BFD6914A}.AppStore|iPhone.Build.0 = AppStore|iPhone
		{2FE9AAA8-5862-4052-894F-7CC9BFD6914A}.AppStore|iPhone.Deploy.0 = AppStore|iPhone
		{2FE9AAA8-5862-4052-894F-7CC9BFD6914A}.AppStore|iPhoneSimulator.ActiveCfg = AppStore|iPhoneSimulator
		{2FE9AAA8-5862-4052-894F-7CC9BFD6914A}.AppStore|iPhoneSimulator.Build.0 = AppStore|iPhoneSimulator
		{2FE9AAA8-5862-4052-894F-7CC9BFD6914A}.AppStore|iPhoneSimulator.Deploy.0 = AppStore|iPhoneSimulator
		{2FE9AAA8-5862-4052-894F-7CC9BFD6914A}.Debug|Any CPU.ActiveCfg = Debug|iPhoneSimulator
		{2FE9AAA8-5862-4052-894F-7CC9BFD6914A}.Debug|Any CPU.Build.0 = Debug|iPhoneSimulator
		{2FE9AAA8-5862-4052-894F-7CC9BFD6914A}.Debug|Any CPU.Deploy.0 = Debug|iPhoneSimulator
		{2FE9AAA8-5862-4052-894F-7CC9BFD6914A}.Debug|iPhone.ActiveCfg = Debug|iPhone
		{2FE9AAA8-5862-4052-894F-7CC9BFD6914A}.Debug|iPhone.Build.0 = Debug|iPhone
		{2FE9AAA8-5862-4052-894F-7CC9BFD6914A}.Debug|iPhone.Deploy.0 = Debug|iPhone
		{2FE9AAA8-5862-4052-894F-7CC9BFD6914A}.Debug|iPhoneSimulator.ActiveCfg = Debug|iPhoneSimulator
		{2FE9AAA8-5862-4052-894F-7CC9BFD6914A}.Debug|iPhoneSimulator.Build.0 = Debug|iPhoneSimulator
		{2FE9AAA8-5862-4052-894F-7CC9BFD6914A}.Debug|iPhoneSimulator.Deploy.0 = Debug|iPhoneSimulator
		{2FE9AAA8-5862-4052-894F-7CC9BFD6914A}.Release|Any CPU.ActiveCfg = Release|iPhone
		{2FE9AAA8-5862-4052-894F-7CC9BFD6914A}.Release|Any CPU.Build.0 = Release|iPhone
		{2FE9AAA8-5862-4052-894F-7CC9BFD6914A}.Release|Any CPU.Deploy.0 = Release|iPhone
		{2FE9AAA8-5862-4052-894F-7CC9BFD6914A}.Release|iPhone.ActiveCfg = Release|iPhone
		{2FE9AAA8-5862-4052-894F-7CC9BFD6914A}.Release|iPhone.Build.0 = Release|iPhone
		{2FE9AAA8-5862-4052-894F-7CC9BFD6914A}.Release|iPhone.Deploy.0 = Release|iPhone
		{2FE9AAA8-5862-4052-894F-7CC9BFD6914A}.Release|iPhoneSimulator.ActiveCfg = Release|iPhoneSimulator
		{2FE9AAA8-5862-4052-894F-7CC9BFD6914A}.Release|iPhoneSimulator.Build.0 = Release|iPhoneSimulator
		{2FE9AAA8-5862-4052-894F-7CC9BFD6914A}.Release|iPhoneSimulator.Deploy.0 = Release|iPhoneSimulator
		{49C82162-4DEC-45C4-900C-31FC8EB613C3}.Ad-Hoc|Any CPU.ActiveCfg = Debug|Any CPU
		{49C82162-4DEC-45C4-900C-31FC8EB613C3}.Ad-Hoc|Any CPU.Build.0 = Debug|Any CPU
		{49C82162-4DEC-45C4-900C-31FC8EB613C3}.Ad-Hoc|Any CPU.Deploy.0 = Debug|Any CPU
		{49C82162-4DEC-45C4-900C-31FC8EB613C3}.Ad-Hoc|iPhone.ActiveCfg = Debug|Any CPU
		{49C82162-4DEC-45C4-900C-31FC8EB613C3}.Ad-Hoc|iPhone.Build.0 = Debug|Any CPU
		{49C82162-4DEC-45C4-900C-31FC8EB613C3}.Ad-Hoc|iPhone.Deploy.0 = Debug|Any CPU
		{49C82162-4DEC-45C4-900C-31FC8EB613C3}.Ad-Hoc|iPhoneSimulator.ActiveCfg = Debug|Any CPU
		{49C82162-4DEC-45C4-900C-31FC8EB613C3}.Ad-Hoc|iPhoneSimulator.Build.0 = Debug|Any CPU
		{49C82162-4DEC-45C4-900C-31FC8EB613C3}.Ad-Hoc|iPhoneSimulator.Deploy.0 = Debug|Any CPU
		{49C82162-4DEC-45C4-900C-31FC8EB613C3}.AppStore|Any CPU.ActiveCfg = Debug|Any CPU
		{49C82162-4DEC-45C4-900C-31FC8EB613C3}.AppStore|Any CPU.Build.0 = Debug|Any CPU
		{49C82162-4DEC-45C4-900C-31FC8EB613C3}.AppStore|Any CPU.Deploy.0 = Debug|Any CPU
		{49C82162-4DEC-45C4-900C-31FC8EB613C3}.AppStore|iPhone.ActiveCfg = Debug|Any CPU
		{49C82162-4DEC-45C4-900C-31FC8EB613C3}.AppStore|iPhone.Build.0 = Debug|Any CPU
		{49C82162-4DEC-45C4-900C-31FC8EB613C3}.AppStore|iPhone.Deploy.0 = Debug|Any CPU
		{49C82162-4DEC-45C4-900C-31FC8EB613C3}.AppStore|iPhoneSimulator.ActiveCfg = Debug|Any CPU
		{49C82162-4DEC-45C4-900C-31FC8EB613C3}.AppStore|iPhoneSimulator.Build.0 = Debug|Any CPU
		{49C82162-4DEC-45C4-900C-31FC8EB613C3}.AppStore|iPhoneSimulator.Deploy.0 = Debug|Any CPU
		{49C82162-4DEC-45C4-900C-31FC8EB613C3}.Debug|Any CPU.ActiveCfg = Debug|Any CPU
		{49C82162-4DEC-45C4-900C-31FC8EB613C3}.Debug|Any CPU.Build.0 = Debug|Any CPU
		{49C82162-4DEC-45C4-900C-31FC8EB613C3}.Debug|Any CPU.Deploy.0 = Debug|Any CPU
		{49C82162-4DEC-45C4-900C-31FC8EB613C3}.Debug|iPhone.ActiveCfg = Debug|Any CPU
		{49C82162-4DEC-45C4-900C-31FC8EB613C3}.Debug|iPhone.Build.0 = Debug|Any CPU
		{49C82162-4DEC-45C4-900C-31FC8EB613C3}.Debug|iPhone.Deploy.0 = Debug|Any CPU
		{49C82162-4DEC-45C4-900C-31FC8EB613C3}.Debug|iPhoneSimulator.ActiveCfg = Debug|Any CPU
		{49C82162-4DEC-45C4-900C-31FC8EB613C3}.Debug|iPhoneSimulator.Build.0 = Debug|Any CPU
		{49C82162-4DEC-45C4-900C-31FC8EB613C3}.Debug|iPhoneSimulator.Deploy.0 = Debug|Any CPU
		{49C82162-4DEC-45C4-900C-31FC8EB613C3}.Release|Any CPU.ActiveCfg = Release|Any CPU
		{49C82162-4DEC-45C4-900C-31FC8EB613C3}.Release|Any CPU.Build.0 = Release|Any CPU
		{49C82162-4DEC-45C4-900C-31FC8EB613C3}.Release|Any CPU.Deploy.0 = Release|Any CPU
		{49C82162-4DEC-45C4-900C-31FC8EB613C3}.Release|iPhone.ActiveCfg = Release|Any CPU
		{49C82162-4DEC-45C4-900C-31FC8EB613C3}.Release|iPhone.Build.0 = Release|Any CPU
		{49C82162-4DEC-45C4-900C-31FC8EB613C3}.Release|iPhone.Deploy.0 = Release|Any CPU
		{49C82162-4DEC-45C4-900C-31FC8EB613C3}.Release|iPhoneSimulator.ActiveCfg = Release|Any CPU
		{49C82162-4DEC-45C4-900C-31FC8EB613C3}.Release|iPhoneSimulator.Build.0 = Release|Any CPU
		{49C82162-4DEC-45C4-900C-31FC8EB613C3}.Release|iPhoneSimulator.Deploy.0 = Release|Any CPU
	EndGlobalSection
	GlobalSection(SolutionProperties) = preSolution
		HideSolutionNode = FALSE
	EndGlobalSection
	GlobalSection(ExtensibilityGlobals) = postSolution
		SolutionGuid = {9256B98C-6D42-4F7B-9E2A-BC5F68C55239}
	EndGlobalSection
EndGlobal
